
Microsoft Visual Studio Solution File, Format Version 12.00
# Visual Studio Version 17
VisualStudioVersion = 17.14.36623.8 d17.14
MinimumVisualStudioVersion = 10.0.40219.1
Project("{FAE04EC0-301F-11D3-BF4B-00C04F79EFBC}") = "ContosoUniversity", "ContosoUniversity\ContosoUniversity.csproj", "{6C6262B3-6575-4134-9D76-6871EE4FB221}"
EndProject
Global
	GlobalSection(SolutionConfigurationPlatforms) = preSolution
		Debug|Any CPU = Debug|Any CPU
		Release|Any CPU = Release|Any CPU
	EndGlobalSection
	GlobalSection(ProjectConfigurationPlatforms) = postSolution
		{6C6262B3-6575-4134-9D76-6871EE4FB221}.Debug|Any CPU.ActiveCfg = Debug|Any CPU
		{6C6262B3-6575-4134-9D76-6871EE4FB221}.Debug|Any CPU.Build.0 = Debug|Any CPU
		{6C6262B3-6575-4134-9D76-6871EE4FB221}.Release|Any CPU.ActiveCfg = Release|Any CPU
		{6C6262B3-6575-4134-9D76-6871EE4FB221}.Release|Any CPU.Build.0 = Release|Any CPU
	EndGlobalSection
	GlobalSection(SolutionProperties) = preSolution
		HideSolutionNode = FALSE
	EndGlobalSection
	GlobalSection(ExtensibilityGlobals) = postSolution
		SolutionGuid = {D0B58F0A-13A6-4A4E-B589-07802987E174}
	EndGlobalSection
EndGlobal
